
Microsoft Visual Studio Solution File, Format Version 12.00
# Visual Studio 14
VisualStudioVersion = 14.0.25420.1
MinimumVisualStudioVersion = 10.0.40219.1
Project("{FAE04EC0-301F-11D3-BF4B-00C04F79EFBC}") = "Yak_Yak", "Yak-Yak\Yak_Yak\Yak_Yak.csproj", "{C1298672-04A6-4FAC-9F43-5503BE8A4180}"
EndProject
Project("{96E2B04D-8817-42C6-938A-82C39BA4D311}") = "Yak_YakContent", "Yak-Yak\Yak_YakContent\Yak_YakContent.contentproj", "{FE0461BD-7F36-4472-B67B-8173709CB292}"
EndProject
Global
	GlobalSection(SolutionConfigurationPlatforms) = preSolution
		Debug|x86 = Debug|x86
		Release|x86 = Release|x86
	EndGlobalSection
	GlobalSection(ProjectConfigurationPlatforms) = postSolution
		{C1298672-04A6-4FAC-9F43-5503BE8A4180}.Debug|x86.ActiveCfg = Debug|x86
		{C1298672-04A6-4FAC-9F43-5503BE8A4180}.Debug|x86.Build.0 = Debug|x86
		{C1298672-04A6-4FAC-9F43-5503BE8A4180}.Release|x86.ActiveCfg = Release|x86
		{C1298672-04A6-4FAC-9F43-5503BE8A4180}.Release|x86.Build.0 = Release|x86
		{FE0461BD-7F36-4472-B67B-8173709CB292}.Debug|x86.ActiveCfg = Debug|x86
		{FE0461BD-7F36-4472-B67B-8173709CB292}.Release|x86.ActiveCfg = Release|x86
	EndGlobalSection
	GlobalSection(SolutionProperties) = preSolution
		HideSolutionNode = FALSE
	EndGlobalSection
EndGlobal
