
Microsoft Visual Studio Solution File, Format Version 12.00
# Visual Studio 14
VisualStudioVersion = 14.0.25420.1
MinimumVisualStudioVersion = 10.0.40219.1
Project("{FAE04EC0-301F-11D3-BF4B-00C04F79EFBC}") = "Text", "Text\Text\Text.csproj", "{A5471C37-2399-4ADE-8A2C-2C7714FA1E27}"
EndProject
Project("{96E2B04D-8817-42C6-938A-82C39BA4D311}") = "PongContent", "Text\TextContent\PongContent.contentproj", "{38127937-30BE-432D-8BB4-9B87937D2C83}"
EndProject
Global
	GlobalSection(SolutionConfigurationPlatforms) = preSolution
		Debug|x86 = Debug|x86
		Release|x86 = Release|x86
	EndGlobalSection
	GlobalSection(ProjectConfigurationPlatforms) = postSolution
		{A5471C37-2399-4ADE-8A2C-2C7714FA1E27}.Debug|x86.ActiveCfg = Debug|x86
		{A5471C37-2399-4ADE-8A2C-2C7714FA1E27}.Debug|x86.Build.0 = Debug|x86
		{A5471C37-2399-4ADE-8A2C-2C7714FA1E27}.Release|x86.ActiveCfg = Release|x86
		{A5471C37-2399-4ADE-8A2C-2C7714FA1E27}.Release|x86.Build.0 = Release|x86
		{38127937-30BE-432D-8BB4-9B87937D2C83}.Debug|x86.ActiveCfg = Debug|x86
		{38127937-30BE-432D-8BB4-9B87937D2C83}.Release|x86.ActiveCfg = Release|x86
	EndGlobalSection
	GlobalSection(SolutionProperties) = preSolution
		HideSolutionNode = FALSE
	EndGlobalSection
EndGlobal
