
Microsoft Visual Studio Solution File, Format Version 12.00
# Visual Studio 14
VisualStudioVersion = 14.0.25420.1
MinimumVisualStudioVersion = 10.0.40219.1
Project("{FAE04EC0-301F-11D3-BF4B-00C04F79EFBC}") = "Pet_Land", "Pet Land\Pet_Land\Pet_Land.csproj", "{088F30FF-51E7-4EC1-B08F-22E3CA36B2E5}"
EndProject
Project("{96E2B04D-8817-42C6-938A-82C39BA4D311}") = "Pet_LandContent", "Pet Land\Pet_LandContent\Pet_LandContent.contentproj", "{03DCE801-7F1B-40B1-BE23-3439FD20C921}"
EndProject
Global
	GlobalSection(SolutionConfigurationPlatforms) = preSolution
		Debug|x86 = Debug|x86
		Release|x86 = Release|x86
	EndGlobalSection
	GlobalSection(ProjectConfigurationPlatforms) = postSolution
		{088F30FF-51E7-4EC1-B08F-22E3CA36B2E5}.Debug|x86.ActiveCfg = Debug|x86
		{088F30FF-51E7-4EC1-B08F-22E3CA36B2E5}.Debug|x86.Build.0 = Debug|x86
		{088F30FF-51E7-4EC1-B08F-22E3CA36B2E5}.Release|x86.ActiveCfg = Release|x86
		{088F30FF-51E7-4EC1-B08F-22E3CA36B2E5}.Release|x86.Build.0 = Release|x86
		{03DCE801-7F1B-40B1-BE23-3439FD20C921}.Debug|x86.ActiveCfg = Debug|x86
		{03DCE801-7F1B-40B1-BE23-3439FD20C921}.Release|x86.ActiveCfg = Release|x86
	EndGlobalSection
	GlobalSection(SolutionProperties) = preSolution
		HideSolutionNode = FALSE
	EndGlobalSection
EndGlobal
