
Microsoft Visual Studio Solution File, Format Version 12.00
# Visual Studio 14
VisualStudioVersion = 14.0.25420.1
MinimumVisualStudioVersion = 10.0.40219.1
Project("{FAE04EC0-301F-11D3-BF4B-00C04F79EFBC}") = "Sidekick", "Sidekick\Sidekick\Sidekick.csproj", "{6BA26979-DDCF-4CB3-B416-479F7B891EDF}"
EndProject
Project("{96E2B04D-8817-42C6-938A-82C39BA4D311}") = "SidekickContent", "Sidekick\SidekickContent\SidekickContent.contentproj", "{B426CE70-78EE-42A0-8AE7-A44682932EA1}"
EndProject
Global
	GlobalSection(SolutionConfigurationPlatforms) = preSolution
		Debug|x86 = Debug|x86
		Release|x86 = Release|x86
	EndGlobalSection
	GlobalSection(ProjectConfigurationPlatforms) = postSolution
		{6BA26979-DDCF-4CB3-B416-479F7B891EDF}.Debug|x86.ActiveCfg = Debug|x86
		{6BA26979-DDCF-4CB3-B416-479F7B891EDF}.Debug|x86.Build.0 = Debug|x86
		{6BA26979-DDCF-4CB3-B416-479F7B891EDF}.Release|x86.ActiveCfg = Release|x86
		{6BA26979-DDCF-4CB3-B416-479F7B891EDF}.Release|x86.Build.0 = Release|x86
		{B426CE70-78EE-42A0-8AE7-A44682932EA1}.Debug|x86.ActiveCfg = Debug|x86
		{B426CE70-78EE-42A0-8AE7-A44682932EA1}.Release|x86.ActiveCfg = Release|x86
	EndGlobalSection
	GlobalSection(SolutionProperties) = preSolution
		HideSolutionNode = FALSE
	EndGlobalSection
EndGlobal
