
Microsoft Visual Studio Solution File, Format Version 12.00
# Visual Studio 14
VisualStudioVersion = 14.0.25420.1
MinimumVisualStudioVersion = 10.0.40219.1
Project("{FAE04EC0-301F-11D3-BF4B-00C04F79EFBC}") = "FinalProject", "FinalProject\FinalProject\FinalProject.csproj", "{1FAFB3CA-9BFE-497B-9CDD-59D8F44AD42E}"
EndProject
Project("{96E2B04D-8817-42C6-938A-82C39BA4D311}") = "FinalProjectContent", "FinalProject\FinalProjectContent\FinalProjectContent.contentproj", "{EEB4A189-8CDD-4FDA-94ED-AC3D9A727972}"
EndProject
Global
	GlobalSection(SolutionConfigurationPlatforms) = preSolution
		Debug|x86 = Debug|x86
		Release|x86 = Release|x86
	EndGlobalSection
	GlobalSection(ProjectConfigurationPlatforms) = postSolution
		{1FAFB3CA-9BFE-497B-9CDD-59D8F44AD42E}.Debug|x86.ActiveCfg = Debug|x86
		{1FAFB3CA-9BFE-497B-9CDD-59D8F44AD42E}.Debug|x86.Build.0 = Debug|x86
		{1FAFB3CA-9BFE-497B-9CDD-59D8F44AD42E}.Release|x86.ActiveCfg = Release|x86
		{1FAFB3CA-9BFE-497B-9CDD-59D8F44AD42E}.Release|x86.Build.0 = Release|x86
		{EEB4A189-8CDD-4FDA-94ED-AC3D9A727972}.Debug|x86.ActiveCfg = Debug|x86
		{EEB4A189-8CDD-4FDA-94ED-AC3D9A727972}.Release|x86.ActiveCfg = Release|x86
	EndGlobalSection
	GlobalSection(SolutionProperties) = preSolution
		HideSolutionNode = FALSE
	EndGlobalSection
EndGlobal
