
Microsoft Visual Studio Solution File, Format Version 12.00
# Visual Studio 14
VisualStudioVersion = 14.0.25420.1
MinimumVisualStudioVersion = 10.0.40219.1
Project("{FAE04EC0-301F-11D3-BF4B-00C04F79EFBC}") = "ScribblePlatformer", "ScribblePlatformer\ScribblePlatformer\ScribblePlatformer.csproj", "{371E618B-78C9-4F99-B990-2B680B3AA7B3}"
EndProject
Project("{96E2B04D-8817-42C6-938A-82C39BA4D311}") = "ScribblePlatformerContent", "ScribblePlatformer\ScribblePlatformerContent\ScribblePlatformerContent.contentproj", "{F5B8FCE6-5B57-4FF4-9466-0E660F60617B}"
EndProject
Global
	GlobalSection(SolutionConfigurationPlatforms) = preSolution
		Debug|x86 = Debug|x86
		Release|x86 = Release|x86
	EndGlobalSection
	GlobalSection(ProjectConfigurationPlatforms) = postSolution
		{371E618B-78C9-4F99-B990-2B680B3AA7B3}.Debug|x86.ActiveCfg = Debug|x86
		{371E618B-78C9-4F99-B990-2B680B3AA7B3}.Debug|x86.Build.0 = Debug|x86
		{371E618B-78C9-4F99-B990-2B680B3AA7B3}.Release|x86.ActiveCfg = Release|x86
		{371E618B-78C9-4F99-B990-2B680B3AA7B3}.Release|x86.Build.0 = Release|x86
		{F5B8FCE6-5B57-4FF4-9466-0E660F60617B}.Debug|x86.ActiveCfg = Debug|x86
		{F5B8FCE6-5B57-4FF4-9466-0E660F60617B}.Release|x86.ActiveCfg = Release|x86
	EndGlobalSection
	GlobalSection(SolutionProperties) = preSolution
		HideSolutionNode = FALSE
	EndGlobalSection
EndGlobal
