
Microsoft Visual Studio Solution File, Format Version 12.00
# Visual Studio 14
VisualStudioVersion = 14.0.25420.1
MinimumVisualStudioVersion = 10.0.40219.1
Project("{FAE04EC0-301F-11D3-BF4B-00C04F79EFBC}") = "What_Did_You_Say", "What Did You Say\What_Did_You_Say\What_Did_You_Say.csproj", "{C0BA0A59-ECE2-4E5E-B6EA-5E7BB535A55A}"
EndProject
Project("{96E2B04D-8817-42C6-938A-82C39BA4D311}") = "What_Did_You_SayContent", "What Did You Say\What_Did_You_SayContent\What_Did_You_SayContent.contentproj", "{3204D5C5-0F7B-4DA1-912E-102163E53D7F}"
EndProject
Global
	GlobalSection(SolutionConfigurationPlatforms) = preSolution
		Debug|x86 = Debug|x86
		Release|x86 = Release|x86
	EndGlobalSection
	GlobalSection(ProjectConfigurationPlatforms) = postSolution
		{C0BA0A59-ECE2-4E5E-B6EA-5E7BB535A55A}.Debug|x86.ActiveCfg = Debug|x86
		{C0BA0A59-ECE2-4E5E-B6EA-5E7BB535A55A}.Debug|x86.Build.0 = Debug|x86
		{C0BA0A59-ECE2-4E5E-B6EA-5E7BB535A55A}.Release|x86.ActiveCfg = Release|x86
		{C0BA0A59-ECE2-4E5E-B6EA-5E7BB535A55A}.Release|x86.Build.0 = Release|x86
		{3204D5C5-0F7B-4DA1-912E-102163E53D7F}.Debug|x86.ActiveCfg = Debug|x86
		{3204D5C5-0F7B-4DA1-912E-102163E53D7F}.Release|x86.ActiveCfg = Release|x86
	EndGlobalSection
	GlobalSection(SolutionProperties) = preSolution
		HideSolutionNode = FALSE
	EndGlobalSection
EndGlobal
